
Microsoft Visual Studio Solution File, Format Version 12.00
# Visual Studio Version 17
VisualStudioVersion = 17.5.33516.290
MinimumVisualStudioVersion = 10.0.40219.1
Project("{FAE04EC0-301F-11D3-BF4B-00C04F79EFBC}") = "MediaEscolar", "MediaEscolar\MediaEscolar.csproj", "{7934FD85-2CF6-48DA-AD9C-521331FC357C}"
EndProject
Global
	GlobalSection(SolutionConfigurationPlatforms) = preSolution
		Debug|Any CPU = Debug|Any CPU
		Release|Any CPU = Release|Any CPU
	EndGlobalSection
	GlobalSection(ProjectConfigurationPlatforms) = postSolution
		{7934FD85-2CF6-48DA-AD9C-521331FC357C}.Debug|Any CPU.ActiveCfg = Debug|Any CPU
		{7934FD85-2CF6-48DA-AD9C-521331FC357C}.Debug|Any CPU.Build.0 = Debug|Any CPU
		{7934FD85-2CF6-48DA-AD9C-521331FC357C}.Release|Any CPU.ActiveCfg = Release|Any CPU
		{7934FD85-2CF6-48DA-AD9C-521331FC357C}.Release|Any CPU.Build.0 = Release|Any CPU
	EndGlobalSection
	GlobalSection(SolutionProperties) = preSolution
		HideSolutionNode = FALSE
	EndGlobalSection
	GlobalSection(ExtensibilityGlobals) = postSolution
		SolutionGuid = {36101285-C186-41AB-BDD8-0D9539880F2D}
	EndGlobalSection
EndGlobal
